PODS:
  - Capacitor (7.4.5):
    - CapacitorCordova
  - CapacitorClipboard (7.0.3):
    - Capacitor
  - CapacitorCordova (7.4.5)
  - CapacitorPreferences (7.0.3):
    - Capacitor
  - CapacitorSplashScreen (7.0.4):
    - Capacitor

DEPENDENCIES:
  - "Capacitor (from `../../../../node_modules/@capacitor/ios`)"
  - "CapacitorClipboard (from `../../../../node_modules/@capacitor/clipboard`)"
  - "CapacitorCordova (from `../../../../node_modules/@capacitor/ios`)"
  - "CapacitorPreferences (from `../../../../node_modules/@capacitor/preferences`)"
  - "CapacitorSplashScreen (from `../../../../node_modules/@capacitor/splash-screen`)"

EXTERNAL SOURCES:
  Capacitor:
    :path: "../../../../node_modules/@capacitor/ios"
  CapacitorClipboard:
    :path: "../../../../node_modules/@capacitor/clipboard"
  CapacitorCordova:
    :path: "../../../../node_modules/@capacitor/ios"
  CapacitorPreferences:
    :path: "../../../../node_modules/@capacitor/preferences"
  CapacitorSplashScreen:
    :path: "../../../../node_modules/@capacitor/splash-screen"

SPEC CHECKSUMS:
  Capacitor: 12914e6f1b7835e161a74ebd19cb361efa37a7dd
  CapacitorClipboard: 2a282bc14e8f47d430f2f9698ed95fbe25dcc21c
  CapacitorCordova: 31bbe4466000c6b86d9b7f1181ee286cff0205aa
  CapacitorPreferences: 913eef88272c13eb6445b21e51fe8ef6635412cc
  CapacitorSplashScreen: 000f7591d546907dda5cbb514bd6b6d9e6048cf8

PODFILE CHECKSUM: 72b7feea355c423def2f450e89c50eaa3b8cf922

COCOAPODS: 1.16.2
